{
  "name": "agent-limit",
  "version": "0.3.0",
  "lockfileVersion": 3,
  "requires": true,
  "packages": {
    "": {
      "name": "agent-limit",
      "version": "0.3.0",
      "license": "MIT",
      "os": [
        "darwin"
      ],
      "dependencies": {
        "@opentui/core": "^0.1.67",
        "@opentui/react": "^0.1.63",
        "bun": "^1.2.0",
        "react": "^19.0.0"
      },
      "bin": {
        "agent-limit": "bin/cli.js"
      },
      "devDependencies": {
        "@types/bun": "latest",
        "@types/react": "^19.0.0",
        "typescript": "^5.0.0"
      },
      "engines": {
        "node": ">=18.0.0"
      }
    },
    "node_modules/@dimforge/rapier2d-simd-compat": {
      "version": "0.17.3",
      "license": "Apache-2.0",
      "optional": true
    },
    "node_modules/@jimp/core": {
      "version": "1.6.0",
      "license": "MIT",
      "dependencies": {
        "@jimp/file-ops": "1.6.0",
        "@jimp/types": "1.6.0",
        "@jimp/utils": "1.6.0",
        "await-to-js": "^3.0.0",
        "exif-parser": "^0.1.12",
        "file-type": "^16.0.0",
        "mime": "3"
      },
      "engines": {
        "node": ">=18"
      }
    },
    "node_modules/@jimp/diff": {
      "version": "1.6.0",
      "license": "MIT",
      "dependencies": {
        "@jimp/plugin-resize": "1.6.0",
        "@jimp/types": "1.6.0",
        "@jimp/utils": "1.6.0",
        "pixelmatch": "^5.3.0"
      },
      "engines": {
        "node": ">=18"
      }
    },
    "node_modules/@jimp/file-ops": {
      "version": "1.6.0",
      "license": "MIT",
      "engines": {
        "node": ">=18"
      }
    },
    "node_modules/@jimp/js-bmp": {
      "version": "1.6.0",
      "license": "MIT",
      "dependencies": {
        "@jimp/core": "1.6.0",
        "@jimp/types": "1.6.0",
        "@jimp/utils": "1.6.0",
        "bmp-ts": "^1.0.9"
      },
      "engines": {
        "node": ">=18"
      }
    },
    "node_modules/@jimp/js-gif": {
      "version": "1.6.0",
      "license": "MIT",
      "dependencies": {
        "@jimp/core": "1.6.0",
        "@jimp/types": "1.6.0",
        "gifwrap": "^0.10.1",
        "omggif": "^1.0.10"
      },
      "engines": {
        "node": ">=18"
      }
    },
    "node_modules/@jimp/js-jpeg": {
      "version": "1.6.0",
      "license": "MIT",
      "dependencies": {
        "@jimp/core": "1.6.0",
        "@jimp/types": "1.6.0",
        "jpeg-js": "^0.4.4"
      },
      "engines": {
        "node": ">=18"
      }
    },
    "node_modules/@jimp/js-png": {
      "version": "1.6.0",
      "license": "MIT",
      "dependencies": {
        "@jimp/core": "1.6.0",
        "@jimp/types": "1.6.0",
        "pngjs": "^7.0.0"
      },
      "engines": {
        "node": ">=18"
      }
    },
    "node_modules/@jimp/js-tiff": {
      "version": "1.6.0",
      "license": "MIT",
      "dependencies": {
        "@jimp/core": "1.6.0",
        "@jimp/types": "1.6.0",
        "utif2": "^4.1.0"
      },
      "engines": {
        "node": ">=18"
      }
    },
    "node_modules/@jimp/plugin-blit": {
      "version": "1.6.0",
      "license": "MIT",
      "dependencies": {
        "@jimp/types": "1.6.0",
        "@jimp/utils": "1.6.0",
        "zod": "^3.23.8"
      },
      "engines": {
        "node": ">=18"
      }
    },
    "node_modules/@jimp/plugin-blur": {
      "version": "1.6.0",
      "license": "MIT",
      "dependencies": {
        "@jimp/core": "1.6.0",
        "@jimp/utils": "1.6.0"
      },
      "engines": {
        "node": ">=18"
      }
    },
    "node_modules/@jimp/plugin-circle": {
      "version": "1.6.0",
      "license": "MIT",
      "dependencies": {
        "@jimp/types": "1.6.0",
        "zod": "^3.23.8"
      },
      "engines": {
        "node": ">=18"
      }
    },
    "node_modules/@jimp/plugin-color": {
      "version": "1.6.0",
      "license": "MIT",
      "dependencies": {
        "@jimp/core": "1.6.0",
        "@jimp/types": "1.6.0",
        "@jimp/utils": "1.6.0",
        "tinycolor2": "^1.6.0",
        "zod": "^3.23.8"
      },
      "engines": {
        "node": ">=18"
      }
    },
    "node_modules/@jimp/plugin-contain": {
      "version": "1.6.0",
      "license": "MIT",
      "dependencies": {
        "@jimp/core": "1.6.0",
        "@jimp/plugin-blit": "1.6.0",
        "@jimp/plugin-resize": "1.6.0",
        "@jimp/types": "1.6.0",
        "@jimp/utils": "1.6.0",
        "zod": "^3.23.8"
      },
      "engines": {
        "node": ">=18"
      }
    },
    "node_modules/@jimp/plugin-cover": {
      "version": "1.6.0",
      "license": "MIT",
      "dependencies": {
        "@jimp/core": "1.6.0",
        "@jimp/plugin-crop": "1.6.0",
        "@jimp/plugin-resize": "1.6.0",
        "@jimp/types": "1.6.0",
        "zod": "^3.23.8"
      },
      "engines": {
        "node": ">=18"
      }
    },
    "node_modules/@jimp/plugin-crop": {
      "version": "1.6.0",
      "license": "MIT",
      "dependencies": {
        "@jimp/core": "1.6.0",
        "@jimp/types": "1.6.0",
        "@jimp/utils": "1.6.0",
        "zod": "^3.23.8"
      },
      "engines": {
        "node": ">=18"
      }
    },
    "node_modules/@jimp/plugin-displace": {
      "version": "1.6.0",
      "license": "MIT",
      "dependencies": {
        "@jimp/types": "1.6.0",
        "@jimp/utils": "1.6.0",
        "zod": "^3.23.8"
      },
      "engines": {
        "node": ">=18"
      }
    },
    "node_modules/@jimp/plugin-dither": {
      "version": "1.6.0",
      "license": "MIT",
      "dependencies": {
        "@jimp/types": "1.6.0"
      },
      "engines": {
        "node": ">=18"
      }
    },
    "node_modules/@jimp/plugin-fisheye": {
      "version": "1.6.0",
      "license": "MIT",
      "dependencies": {
        "@jimp/types": "1.6.0",
        "@jimp/utils": "1.6.0",
        "zod": "^3.23.8"
      },
      "engines": {
        "node": ">=18"
      }
    },
    "node_modules/@jimp/plugin-flip": {
      "version": "1.6.0",
      "license": "MIT",
      "dependencies": {
        "@jimp/types": "1.6.0",
        "zod": "^3.23.8"
      },
      "engines": {
        "node": ">=18"
      }
    },
    "node_modules/@jimp/plugin-hash": {
      "version": "1.6.0",
      "license": "MIT",
      "dependencies": {
        "@jimp/core": "1.6.0",
        "@jimp/js-bmp": "1.6.0",
        "@jimp/js-jpeg": "1.6.0",
        "@jimp/js-png": "1.6.0",
        "@jimp/js-tiff": "1.6.0",
        "@jimp/plugin-color": "1.6.0",
        "@jimp/plugin-resize": "1.6.0",
        "@jimp/types": "1.6.0",
        "@jimp/utils": "1.6.0",
        "any-base": "^1.1.0"
      },
      "engines": {
        "node": ">=18"
      }
    },
    "node_modules/@jimp/plugin-mask": {
      "version": "1.6.0",
      "license": "MIT",
      "dependencies": {
        "@jimp/types": "1.6.0",
        "zod": "^3.23.8"
      },
      "engines": {
        "node": ">=18"
      }
    },
    "node_modules/@jimp/plugin-print": {
      "version": "1.6.0",
      "license": "MIT",
      "dependencies": {
        "@jimp/core": "1.6.0",
        "@jimp/js-jpeg": "1.6.0",
        "@jimp/js-png": "1.6.0",
        "@jimp/plugin-blit": "1.6.0",
        "@jimp/types": "1.6.0",
        "parse-bmfont-ascii": "^1.0.6",
        "parse-bmfont-binary": "^1.0.6",
        "parse-bmfont-xml": "^1.1.6",
        "simple-xml-to-json": "^1.2.2",
        "zod": "^3.23.8"
      },
      "engines": {
        "node": ">=18"
      }
    },
    "node_modules/@jimp/plugin-quantize": {
      "version": "1.6.0",
      "license": "MIT",
      "dependencies": {
        "image-q": "^4.0.0",
        "zod": "^3.23.8"
      },
      "engines": {
        "node": ">=18"
      }
    },
    "node_modules/@jimp/plugin-resize": {
      "version": "1.6.0",
      "license": "MIT",
      "dependencies": {
        "@jimp/core": "1.6.0",
        "@jimp/types": "1.6.0",
        "zod": "^3.23.8"
      },
      "engines": {
        "node": ">=18"
      }
    },
    "node_modules/@jimp/plugin-rotate": {
      "version": "1.6.0",
      "license": "MIT",
      "dependencies": {
        "@jimp/core": "1.6.0",
        "@jimp/plugin-crop": "1.6.0",
        "@jimp/plugin-resize": "1.6.0",
        "@jimp/types": "1.6.0",
        "@jimp/utils": "1.6.0",
        "zod": "^3.23.8"
      },
      "engines": {
        "node": ">=18"
      }
    },
    "node_modules/@jimp/plugin-threshold": {
      "version": "1.6.0",
      "license": "MIT",
      "dependencies": {
        "@jimp/core": "1.6.0",
        "@jimp/plugin-color": "1.6.0",
        "@jimp/plugin-hash": "1.6.0",
        "@jimp/types": "1.6.0",
        "@jimp/utils": "1.6.0",
        "zod": "^3.23.8"
      },
      "engines": {
        "node": ">=18"
      }
    },
    "node_modules/@jimp/types": {
      "version": "1.6.0",
      "license": "MIT",
      "dependencies": {
        "zod": "^3.23.8"
      },
      "engines": {
        "node": ">=18"
      }
    },
    "node_modules/@jimp/utils": {
      "version": "1.6.0",
      "license": "MIT",
      "dependencies": {
        "@jimp/types": "1.6.0",
        "tinycolor2": "^1.6.0"
      },
      "engines": {
        "node": ">=18"
      }
    },
    "node_modules/@opentui/core": {
      "version": "0.1.67",
      "license": "MIT",
      "dependencies": {
        "bun-ffi-structs": "0.1.2",
        "diff": "8.0.2",
        "jimp": "1.6.0",
        "yoga-layout": "3.2.1"
      },
      "optionalDependencies": {
        "@dimforge/rapier2d-simd-compat": "^0.17.3",
        "@opentui/core-darwin-arm64": "0.1.67",
        "@opentui/core-darwin-x64": "0.1.67",
        "@opentui/core-linux-arm64": "0.1.67",
        "@opentui/core-linux-x64": "0.1.67",
        "@opentui/core-win32-arm64": "0.1.67",
        "@opentui/core-win32-x64": "0.1.67",
        "bun-webgpu": "0.1.4",
        "planck": "^1.4.2",
        "three": "0.177.0"
      },
      "peerDependencies": {
        "web-tree-sitter": "0.25.10"
      }
    },
    "node_modules/@opentui/core-darwin-arm64": {
      "version": "0.1.67",
      "cpu": [
        "arm64"
      ],
      "license": "MIT",
      "optional": true,
      "os": [
        "darwin"
      ]
    },
    "node_modules/@opentui/core-darwin-x64": {
      "version": "0.1.67",
      "resolved": "https://registry.npmjs.org/@opentui/core-darwin-x64/-/core-darwin-x64-0.1.67.tgz",
      "integrity": "sha512-9i+awVWgpEVqZhFLaLq8usNGyCiyT5QxMLy6eH7JmRic79S34u23HfxiniGRtdYh3aqpm9SbLzo60v0nRIUkCA==",
      "cpu": [
        "x64"
      ],
      "license": "MIT",
      "optional": true,
      "os": [
        "darwin"
      ]
    },
    "node_modules/@opentui/core-linux-arm64": {
      "version": "0.1.67",
      "resolved": "https://registry.npmjs.org/@opentui/core-linux-arm64/-/core-linux-arm64-0.1.67.tgz",
      "integrity": "sha512-WLjnTM3Ig//SRo0FUZYZJ5TITVbR6dKDVg6axU2D+sMoUzJMBP/Xo04q/TvZ3wP764Yca9l7oVMKWDxHlygyjQ==",
      "cpu": [
        "arm64"
      ],
      "license": "MIT",
      "optional": true,
      "os": [
        "linux"
      ]
    },
    "node_modules/@opentui/core-linux-x64": {
      "version": "0.1.67",
      "resolved": "https://registry.npmjs.org/@opentui/core-linux-x64/-/core-linux-x64-0.1.67.tgz",
      "integrity": "sha512-5UbZ/TqWi/DAmHIZL4NvhdpgTwglszRiddkRiQ8cT0IbnE4lutd4XxWUWcLKwsNT1YJv32TtcGWkuthluLiriQ==",
      "cpu": [
        "x64"
      ],
      "license": "MIT",
      "optional": true,
      "os": [
        "linux"
      ]
    },
    "node_modules/@opentui/core-win32-arm64": {
      "version": "0.1.67",
      "resolved": "https://registry.npmjs.org/@opentui/core-win32-arm64/-/core-win32-arm64-0.1.67.tgz",
      "integrity": "sha512-KNam5rObhN8/U9+GVVuvtAlGXp3MfdMHnw4W2P6YH7xp8HTsLvABUT91SJEyJ/ktVe9e1itLDG2fDHSoA5NbUg==",
      "cpu": [
        "arm64"
      ],
      "license": "MIT",
      "optional": true,
      "os": [
        "win32"
      ]
    },
    "node_modules/@opentui/core-win32-x64": {
      "version": "0.1.67",
      "resolved": "https://registry.npmjs.org/@opentui/core-win32-x64/-/core-win32-x64-0.1.67.tgz",
      "integrity": "sha512-740lkOw42zLNh9YfahXjCwV2DS/amH2uMDh3tCADDCLckrMhemIhqArXDiMlalDxDqYspoaZCpBsFVsG9dMS6A==",
      "cpu": [
        "x64"
      ],
      "license": "MIT",
      "optional": true,
      "os": [
        "win32"
      ]
    },
    "node_modules/@opentui/react": {
      "version": "0.1.67",
      "license": "MIT",
      "dependencies": {
        "@opentui/core": "0.1.67",
        "react-reconciler": "^0.32.0"
      },
      "peerDependencies": {
        "react": ">=19.0.0",
        "react-devtools-core": "^7.0.1",
        "ws": "^8.18.0"
      }
    },
    "node_modules/@oven/bun-darwin-aarch64": {
      "version": "1.3.5",
      "resolved": "https://registry.npmjs.org/@oven/bun-darwin-aarch64/-/bun-darwin-aarch64-1.3.5.tgz",
      "integrity": "sha512-8GvNtMo0NINM7Emk9cNAviCG3teEgr3BUX9be0+GD029zIagx2Sf54jMui1Eu1IpFm7nWHODuLEefGOQNaJ0gQ==",
      "cpu": [
        "arm64"
      ],
      "license": "MIT",
      "optional": true,
      "os": [
        "darwin"
      ]
    },
    "node_modules/@oven/bun-darwin-x64": {
      "version": "1.3.5",
      "resolved": "https://registry.npmjs.org/@oven/bun-darwin-x64/-/bun-darwin-x64-1.3.5.tgz",
      "integrity": "sha512-r33eHQOHAwkuiBJIwmkXIyqONQOQMnd1GMTpDzaxx9vf9+svby80LZO9Hcm1ns6KT/TBRFyODC/0loA7FAaffg==",
      "cpu": [
        "x64"
      ],
      "license": "MIT",
      "optional": true,
      "os": [
        "darwin"
      ]
    },
    "node_modules/@oven/bun-darwin-x64-baseline": {
      "version": "1.3.5",
      "resolved": "https://registry.npmjs.org/@oven/bun-darwin-x64-baseline/-/bun-darwin-x64-baseline-1.3.5.tgz",
      "integrity": "sha512-p5q3rJk48qhLuLBOFehVc+kqCE03YrswTc6NCxbwsxiwfySXwcAvpF2KWKF/ZZObvvR8hCCvqe1F81b2p5r2dg==",
      "cpu": [
        "x64"
      ],
      "license": "MIT",
      "optional": true,
      "os": [
        "darwin"
      ]
    },
    "node_modules/@oven/bun-linux-aarch64": {
      "version": "1.3.5",
      "resolved": "https://registry.npmjs.org/@oven/bun-linux-aarch64/-/bun-linux-aarch64-1.3.5.tgz",
      "integrity": "sha512-zkcHPI23QxJ1TdqafhgkXt1NOEN8o5C460sVeNnrhfJ43LwZgtfcvcQE39x/pBedu67fatY8CU0iY00nOh46ZQ==",
      "cpu": [
        "arm64"
      ],
      "license": "MIT",
      "optional": true,
      "os": [
        "linux"
      ]
    },
    "node_modules/@oven/bun-linux-aarch64-musl": {
      "version": "1.3.5",
      "resolved": "https://registry.npmjs.org/@oven/bun-linux-aarch64-musl/-/bun-linux-aarch64-musl-1.3.5.tgz",
      "integrity": "sha512-HKBeUlJdNduRkzJKZ5DXM+pPqntfC50/Hu2X65jVX0Y7hu/6IC8RaUTqpr8FtCZqqmc9wDK0OTL+Mbi9UQIKYQ==",
      "cpu": [
        "arm64"
      ],
      "license": "MIT",
      "optional": true,
      "os": [
        "linux"
      ]
    },
    "node_modules/@oven/bun-linux-x64": {
      "version": "1.3.5",
      "resolved": "https://registry.npmjs.org/@oven/bun-linux-x64/-/bun-linux-x64-1.3.5.tgz",
      "integrity": "sha512-n7zhKTSDZS0yOYg5Rq8easZu5Y/o47sv0c7yGr2ciFdcie9uYV55fZ7QMqhWMGK33ezCSikh5EDkUMCIvfWpjA==",
      "cpu": [
        "x64"
      ],
      "license": "MIT",
      "optional": true,
      "os": [
        "linux"
      ]
    },
    "node_modules/@oven/bun-linux-x64-baseline": {
      "version": "1.3.5",
      "resolved": "https://registry.npmjs.org/@oven/bun-linux-x64-baseline/-/bun-linux-x64-baseline-1.3.5.tgz",
      "integrity": "sha512-FeCQyBU62DMuB0nn01vPnf3McXrKOsrK9p7sHaBFYycw0mmoU8kCq/WkBkGMnLuvQljJSyen8QBTx+fXdNupWg==",
      "cpu": [
        "x64"
      ],
      "license": "MIT",
      "optional": true,
      "os": [
        "linux"
      ]
    },
    "node_modules/@oven/bun-linux-x64-musl": {
      "version": "1.3.5",
      "resolved": "https://registry.npmjs.org/@oven/bun-linux-x64-musl/-/bun-linux-x64-musl-1.3.5.tgz",
      "integrity": "sha512-XkCCHkByYn8BIDvoxnny898znju4xnW2kvFE8FT5+0Y62cWdcBGMZ9RdsEUTeRz16k8hHtJpaSfLcEmNTFIwRQ==",
      "cpu": [
        "x64"
      ],
      "license": "MIT",
      "optional": true,
      "os": [
        "linux"
      ]
    },
    "node_modules/@oven/bun-linux-x64-musl-baseline": {
      "version": "1.3.5",
      "resolved": "https://registry.npmjs.org/@oven/bun-linux-x64-musl-baseline/-/bun-linux-x64-musl-baseline-1.3.5.tgz",
      "integrity": "sha512-TJiYC7KCr0XxFTsxgwQOeE7dncrEL/RSyL0EzSL3xRkrxJMWBCvCSjQn7LV1i6T7hFst0+3KoN3VWvD5BinqHA==",
      "cpu": [
        "x64"
      ],
      "license": "MIT",
      "optional": true,
      "os": [
        "linux"
      ]
    },
    "node_modules/@oven/bun-windows-x64": {
      "version": "1.3.5",
      "resolved": "https://registry.npmjs.org/@oven/bun-windows-x64/-/bun-windows-x64-1.3.5.tgz",
      "integrity": "sha512-T3xkODItb/0ftQPFsZDc7EAX2D6A4TEazQ2YZyofZToO8Q7y8YT8ooWdhd0BQiTCd66uEvgE1DCZetynwg2IoA==",
      "cpu": [
        "x64"
      ],
      "license": "MIT",
      "optional": true,
      "os": [
        "win32"
      ]
    },
    "node_modules/@oven/bun-windows-x64-baseline": {
      "version": "1.3.5",
      "resolved": "https://registry.npmjs.org/@oven/bun-windows-x64-baseline/-/bun-windows-x64-baseline-1.3.5.tgz",
      "integrity": "sha512-rtVQB9/1XK8FWJgFtsOthbPifRMYypgJwxu+pK3NHx8WvFKmq7HcPDqNr8xLzGULjQEO7eAo2aOZfONOwYz+5g==",
      "cpu": [
        "x64"
      ],
      "license": "MIT",
      "optional": true,
      "os": [
        "win32"
      ]
    },
    "node_modules/@tokenizer/token": {
      "version": "0.3.0",
      "license": "MIT"
    },
    "node_modules/@types/bun": {
      "version": "1.3.5",
      "resolved": "https://registry.npmjs.org/@types/bun/-/bun-1.3.5.tgz",
      "integrity": "sha512-RnygCqNrd3srIPEWBd5LFeUYG7plCoH2Yw9WaZGyNmdTEei+gWaHqydbaIRkIkcbXwhBT94q78QljxN0Sk838w==",
      "dev": true,
      "license": "MIT",
      "dependencies": {
        "bun-types": "1.3.5"
      }
    },
    "node_modules/@types/node": {
      "version": "25.0.3",
      "dev": true,
      "license": "MIT",
      "dependencies": {
        "undici-types": "~7.16.0"
      }
    },
    "node_modules/@types/react": {
      "version": "19.2.7",
      "dev": true,
      "license": "MIT",
      "dependencies": {
        "csstype": "^3.2.2"
      }
    },
    "node_modules/@webgpu/types": {
      "version": "0.1.68",
      "license": "BSD-3-Clause",
      "optional": true
    },
    "node_modules/abort-controller": {
      "version": "3.0.0",
      "license": "MIT",
      "dependencies": {
        "event-target-shim": "^5.0.0"
      },
      "engines": {
        "node": ">=6.5"
      }
    },
    "node_modules/any-base": {
      "version": "1.1.0",
      "license": "MIT"
    },
    "node_modules/await-to-js": {
      "version": "3.0.0",
      "license": "MIT",
      "engines": {
        "node": ">=6.0.0"
      }
    },
    "node_modules/base64-js": {
      "version": "1.5.1",
      "funding": [
        {
          "type": "github",
          "url": "https://github.com/sponsors/feross"
        },
        {
          "type": "patreon",
          "url": "https://www.patreon.com/feross"
        },
        {
          "type": "consulting",
          "url": "https://feross.org/support"
        }
      ],
      "license": "MIT"
    },
    "node_modules/bmp-ts": {
      "version": "1.0.9",
      "license": "MIT"
    },
    "node_modules/buffer": {
      "version": "6.0.3",
      "funding": [
        {
          "type": "github",
          "url": "https://github.com/sponsors/feross"
        },
        {
          "type": "patreon",
          "url": "https://www.patreon.com/feross"
        },
        {
          "type": "consulting",
          "url": "https://feross.org/support"
        }
      ],
      "license": "MIT",
      "dependencies": {
        "base64-js": "^1.3.1",
        "ieee754": "^1.2.1"
      }
    },
    "node_modules/bun": {
      "version": "1.3.5",
      "resolved": "https://registry.npmjs.org/bun/-/bun-1.3.5.tgz",
      "integrity": "sha512-c1YHIGUfgvYPJmLug5QiLzNWlX2Dg7X/67JWu1Va+AmMXNXzC/KQn2lgQ7rD+n1u1UqDpJMowVGGxTNpbPydNw==",
      "cpu": [
        "arm64",
        "x64"
      ],
      "hasInstallScript": true,
      "license": "MIT",
      "os": [
        "darwin",
        "linux",
        "win32"
      ],
      "bin": {
        "bun": "bin/bun.exe",
        "bunx": "bin/bunx.exe"
      },
      "optionalDependencies": {
        "@oven/bun-darwin-aarch64": "1.3.5",
        "@oven/bun-darwin-x64": "1.3.5",
        "@oven/bun-darwin-x64-baseline": "1.3.5",
        "@oven/bun-linux-aarch64": "1.3.5",
        "@oven/bun-linux-aarch64-musl": "1.3.5",
        "@oven/bun-linux-x64": "1.3.5",
        "@oven/bun-linux-x64-baseline": "1.3.5",
        "@oven/bun-linux-x64-musl": "1.3.5",
        "@oven/bun-linux-x64-musl-baseline": "1.3.5",
        "@oven/bun-windows-x64": "1.3.5",
        "@oven/bun-windows-x64-baseline": "1.3.5"
      }
    },
    "node_modules/bun-ffi-structs": {
      "version": "0.1.2",
      "license": "MIT",
      "peerDependencies": {
        "typescript": "^5"
      }
    },
    "node_modules/bun-types": {
      "version": "1.3.5",
      "dev": true,
      "license": "MIT",
      "dependencies": {
        "@types/node": "*"
      }
    },
    "node_modules/bun-webgpu": {
      "version": "0.1.4",
      "license": "Apache-2.0",
      "optional": true,
      "dependencies": {
        "@webgpu/types": "^0.1.60"
      },
      "optionalDependencies": {
        "bun-webgpu-darwin-arm64": "^0.1.4",
        "bun-webgpu-darwin-x64": "^0.1.4",
        "bun-webgpu-linux-x64": "^0.1.4",
        "bun-webgpu-win32-x64": "^0.1.4"
      }
    },
    "node_modules/bun-webgpu-darwin-arm64": {
      "version": "0.1.4",
      "cpu": [
        "arm64"
      ],
      "license": "Apache-2.0",
      "optional": true,
      "os": [
        "darwin"
      ]
    },
    "node_modules/bun-webgpu-darwin-x64": {
      "version": "0.1.4",
      "resolved": "https://registry.npmjs.org/bun-webgpu-darwin-x64/-/bun-webgpu-darwin-x64-0.1.4.tgz",
      "integrity": "sha512-X+PjwJUWenUmdQBP8EtdItMyieQ6Nlpn+BH518oaouDiSnWj5+b0Y7DNDZJq7Ezom4EaxmqL/uGYZK3aCQ7CXg==",
      "cpu": [
        "x64"
      ],
      "license": "Apache-2.0",
      "optional": true,
      "os": [
        "darwin"
      ]
    },
    "node_modules/bun-webgpu-linux-x64": {
      "version": "0.1.4",
      "resolved": "https://registry.npmjs.org/bun-webgpu-linux-x64/-/bun-webgpu-linux-x64-0.1.4.tgz",
      "integrity": "sha512-zMLs2YIGB+/jxrYFXaFhVKX/GBt05UTF45lc9srcHc9JXGjEj+12CIo1CHLTAWatXMTqt0Jsu6ukWEoWVT/ayA==",
      "cpu": [
        "x64"
      ],
      "license": "Apache-2.0",
      "optional": true,
      "os": [
        "linux"
      ]
    },
    "node_modules/bun-webgpu-win32-x64": {
      "version": "0.1.4",
      "resolved": "https://registry.npmjs.org/bun-webgpu-win32-x64/-/bun-webgpu-win32-x64-0.1.4.tgz",
      "integrity": "sha512-Z5yAK28xrcm8Wb5k7TZ8FJKpOI/r+aVCRdlHYAqI2SDJFN3nD4mJs900X6kNVmG/xFzb5yOuKVYWGg+6ZXWbyA==",
      "cpu": [
        "x64"
      ],
      "license": "Apache-2.0",
      "optional": true,
      "os": [
        "win32"
      ]
    },
    "node_modules/csstype": {
      "version": "3.2.3",
      "dev": true,
      "license": "MIT"
    },
    "node_modules/diff": {
      "version": "8.0.2",
      "license": "BSD-3-Clause",
      "engines": {
        "node": ">=0.3.1"
      }
    },
    "node_modules/event-target-shim": {
      "version": "5.0.1",
      "license": "MIT",
      "engines": {
        "node": ">=6"
      }
    },
    "node_modules/events": {
      "version": "3.3.0",
      "license": "MIT",
      "engines": {
        "node": ">=0.8.x"
      }
    },
    "node_modules/exif-parser": {
      "version": "0.1.12"
    },
    "node_modules/file-type": {
      "version": "16.5.4",
      "license": "MIT",
      "dependencies": {
        "readable-web-to-node-stream": "^3.0.0",
        "strtok3": "^6.2.4",
        "token-types": "^4.1.1"
      },
      "engines": {
        "node": ">=10"
      },
      "funding": {
        "url": "https://github.com/sindresorhus/file-type?sponsor=1"
      }
    },
    "node_modules/gifwrap": {
      "version": "0.10.1",
      "license": "MIT",
      "dependencies": {
        "image-q": "^4.0.0",
        "omggif": "^1.0.10"
      }
    },
    "node_modules/ieee754": {
      "version": "1.2.1",
      "funding": [
        {
          "type": "github",
          "url": "https://github.com/sponsors/feross"
        },
        {
          "type": "patreon",
          "url": "https://www.patreon.com/feross"
        },
        {
          "type": "consulting",
          "url": "https://feross.org/support"
        }
      ],
      "license": "BSD-3-Clause"
    },
    "node_modules/image-q": {
      "version": "4.0.0",
      "license": "MIT",
      "dependencies": {
        "@types/node": "16.9.1"
      }
    },
    "node_modules/image-q/node_modules/@types/node": {
      "version": "16.9.1",
      "license": "MIT"
    },
    "node_modules/jimp": {
      "version": "1.6.0",
      "license": "MIT",
      "dependencies": {
        "@jimp/core": "1.6.0",
        "@jimp/diff": "1.6.0",
        "@jimp/js-bmp": "1.6.0",
        "@jimp/js-gif": "1.6.0",
        "@jimp/js-jpeg": "1.6.0",
        "@jimp/js-png": "1.6.0",
        "@jimp/js-tiff": "1.6.0",
        "@jimp/plugin-blit": "1.6.0",
        "@jimp/plugin-blur": "1.6.0",
        "@jimp/plugin-circle": "1.6.0",
        "@jimp/plugin-color": "1.6.0",
        "@jimp/plugin-contain": "1.6.0",
        "@jimp/plugin-cover": "1.6.0",
        "@jimp/plugin-crop": "1.6.0",
        "@jimp/plugin-displace": "1.6.0",
        "@jimp/plugin-dither": "1.6.0",
        "@jimp/plugin-fisheye": "1.6.0",
        "@jimp/plugin-flip": "1.6.0",
        "@jimp/plugin-hash": "1.6.0",
        "@jimp/plugin-mask": "1.6.0",
        "@jimp/plugin-print": "1.6.0",
        "@jimp/plugin-quantize": "1.6.0",
        "@jimp/plugin-resize": "1.6.0",
        "@jimp/plugin-rotate": "1.6.0",
        "@jimp/plugin-threshold": "1.6.0",
        "@jimp/types": "1.6.0",
        "@jimp/utils": "1.6.0"
      },
      "engines": {
        "node": ">=18"
      }
    },
    "node_modules/jpeg-js": {
      "version": "0.4.4",
      "license": "BSD-3-Clause"
    },
    "node_modules/mime": {
      "version": "3.0.0",
      "license": "MIT",
      "bin": {
        "mime": "cli.js"
      },
      "engines": {
        "node": ">=10.0.0"
      }
    },
    "node_modules/omggif": {
      "version": "1.0.10",
      "license": "MIT"
    },
    "node_modules/pako": {
      "version": "1.0.11",
      "license": "(MIT AND Zlib)"
    },
    "node_modules/parse-bmfont-ascii": {
      "version": "1.0.6",
      "license": "MIT"
    },
    "node_modules/parse-bmfont-binary": {
      "version": "1.0.6",
      "license": "MIT"
    },
    "node_modules/parse-bmfont-xml": {
      "version": "1.1.6",
      "license": "MIT",
      "dependencies": {
        "xml-parse-from-string": "^1.0.0",
        "xml2js": "^0.5.0"
      }
    },
    "node_modules/peek-readable": {
      "version": "4.1.0",
      "license": "MIT",
      "engines": {
        "node": ">=8"
      },
      "funding": {
        "type": "github",
        "url": "https://github.com/sponsors/Borewit"
      }
    },
    "node_modules/pixelmatch": {
      "version": "5.3.0",
      "license": "ISC",
      "dependencies": {
        "pngjs": "^6.0.0"
      },
      "bin": {
        "pixelmatch": "bin/pixelmatch"
      }
    },
    "node_modules/pixelmatch/node_modules/pngjs": {
      "version": "6.0.0",
      "license": "MIT",
      "engines": {
        "node": ">=12.13.0"
      }
    },
    "node_modules/planck": {
      "version": "1.4.2",
      "license": "MIT",
      "optional": true,
      "engines": {
        "node": ">=14.0"
      },
      "peerDependencies": {
        "stage-js": "^1.0.0-alpha.12"
      }
    },
    "node_modules/pngjs": {
      "version": "7.0.0",
      "license": "MIT",
      "engines": {
        "node": ">=14.19.0"
      }
    },
    "node_modules/process": {
      "version": "0.11.10",
      "license": "MIT",
      "engines": {
        "node": ">= 0.6.0"
      }
    },
    "node_modules/react": {
      "version": "19.2.3",
      "license": "MIT",
      "engines": {
        "node": ">=0.10.0"
      }
    },
    "node_modules/react-devtools-core": {
      "version": "7.0.1",
      "license": "MIT",
      "peer": true,
      "dependencies": {
        "shell-quote": "^1.6.1",
        "ws": "^7"
      }
    },
    "node_modules/react-devtools-core/node_modules/ws": {
      "version": "7.5.10",
      "license": "MIT",
      "peer": true,
      "engines": {
        "node": ">=8.3.0"
      },
      "peerDependencies": {
        "bufferutil": "^4.0.1",
        "utf-8-validate": "^5.0.2"
      },
      "peerDependenciesMeta": {
        "bufferutil": {
          "optional": true
        },
        "utf-8-validate": {
          "optional": true
        }
      }
    },
    "node_modules/react-reconciler": {
      "version": "0.32.0",
      "license": "MIT",
      "dependencies": {
        "scheduler": "^0.26.0"
      },
      "engines": {
        "node": ">=0.10.0"
      },
      "peerDependencies": {
        "react": "^19.1.0"
      }
    },
    "node_modules/readable-stream": {
      "version": "4.7.0",
      "license": "MIT",
      "dependencies": {
        "abort-controller": "^3.0.0",
        "buffer": "^6.0.3",
        "events": "^3.3.0",
        "process": "^0.11.10",
        "string_decoder": "^1.3.0"
      },
      "engines": {
        "node": "^12.22.0 || ^14.17.0 || >=16.0.0"
      }
    },
    "node_modules/readable-web-to-node-stream": {
      "version": "3.0.4",
      "license": "MIT",
      "dependencies": {
        "readable-stream": "^4.7.0"
      },
      "engines": {
        "node": ">=8"
      },
      "funding": {
        "type": "github",
        "url": "https://github.com/sponsors/Borewit"
      }
    },
    "node_modules/safe-buffer": {
      "version": "5.2.1",
      "funding": [
        {
          "type": "github",
          "url": "https://github.com/sponsors/feross"
        },
        {
          "type": "patreon",
          "url": "https://www.patreon.com/feross"
        },
        {
          "type": "consulting",
          "url": "https://feross.org/support"
        }
      ],
      "license": "MIT"
    },
    "node_modules/sax": {
      "version": "1.4.3",
      "license": "BlueOak-1.0.0"
    },
    "node_modules/scheduler": {
      "version": "0.26.0",
      "license": "MIT"
    },
    "node_modules/shell-quote": {
      "version": "1.8.3",
      "license": "MIT",
      "peer": true,
      "engines": {
        "node": ">= 0.4"
      },
      "funding": {
        "url": "https://github.com/sponsors/ljharb"
      }
    },
    "node_modules/simple-xml-to-json": {
      "version": "1.2.3",
      "license": "MIT",
      "engines": {
        "node": ">=20.12.2"
      }
    },
    "node_modules/stage-js": {
      "version": "1.0.0-alpha.17",
      "license": "MIT",
      "optional": true,
      "peer": true,
      "engines": {
        "node": ">=18.0"
      }
    },
    "node_modules/string_decoder": {
      "version": "1.3.0",
      "license": "MIT",
      "dependencies": {
        "safe-buffer": "~5.2.0"
      }
    },
    "node_modules/strtok3": {
      "version": "6.3.0",
      "license": "MIT",
      "dependencies": {
        "@tokenizer/token": "^0.3.0",
        "peek-readable": "^4.1.0"
      },
      "engines": {
        "node": ">=10"
      },
      "funding": {
        "type": "github",
        "url": "https://github.com/sponsors/Borewit"
      }
    },
    "node_modules/three": {
      "version": "0.177.0",
      "license": "MIT",
      "optional": true
    },
    "node_modules/tinycolor2": {
      "version": "1.6.0",
      "license": "MIT"
    },
    "node_modules/token-types": {
      "version": "4.2.1",
      "license": "MIT",
      "dependencies": {
        "@tokenizer/token": "^0.3.0",
        "ieee754": "^1.2.1"
      },
      "engines": {
        "node": ">=10"
      },
      "funding": {
        "type": "github",
        "url": "https://github.com/sponsors/Borewit"
      }
    },
    "node_modules/typescript": {
      "version": "5.9.3",
      "license": "Apache-2.0",
      "bin": {
        "tsc": "bin/tsc",
        "tsserver": "bin/tsserver"
      },
      "engines": {
        "node": ">=14.17"
      }
    },
    "node_modules/undici-types": {
      "version": "7.16.0",
      "dev": true,
      "license": "MIT"
    },
    "node_modules/utif2": {
      "version": "4.1.0",
      "license": "MIT",
      "dependencies": {
        "pako": "^1.0.11"
      }
    },
    "node_modules/web-tree-sitter": {
      "version": "0.25.10",
      "license": "MIT",
      "peer": true,
      "peerDependencies": {
        "@types/emscripten": "^1.40.0"
      },
      "peerDependenciesMeta": {
        "@types/emscripten": {
          "optional": true
        }
      }
    },
    "node_modules/ws": {
      "version": "8.18.3",
      "license": "MIT",
      "peer": true,
      "engines": {
        "node": ">=10.0.0"
      },
      "peerDependencies": {
        "bufferutil": "^4.0.1",
        "utf-8-validate": ">=5.0.2"
      },
      "peerDependenciesMeta": {
        "bufferutil": {
          "optional": true
        },
        "utf-8-validate": {
          "optional": true
        }
      }
    },
    "node_modules/xml-parse-from-string": {
      "version": "1.0.1",
      "license": "MIT"
    },
    "node_modules/xml2js": {
      "version": "0.5.0",
      "license": "MIT",
      "dependencies": {
        "sax": ">=0.6.0",
        "xmlbuilder": "~11.0.0"
      },
      "engines": {
        "node": ">=4.0.0"
      }
    },
    "node_modules/xmlbuilder": {
      "version": "11.0.1",
      "license": "MIT",
      "engines": {
        "node": ">=4.0"
      }
    },
    "node_modules/yoga-layout": {
      "version": "3.2.1",
      "license": "MIT"
    },
    "node_modules/zod": {
      "version": "3.25.76",
      "license": "MIT",
      "funding": {
        "url": "https://github.com/sponsors/colinhacks"
      }
    }
  }
}
